{
  "name": "FrontEnd",
  "lockfileVersion": 3,
  "requires": true,
  "packages": {
    "": {
      "devDependencies": {
        "@types/node": "20.11.22",
        "@types/react": "18.2.60"
      }
    },
    "node_modules/@types/node": {
      "version": "20.11.22",
      "resolved": "https://registry.npmjs.org/@types/node/-/node-20.11.22.tgz",
      "integrity": "sha512-/G+IxWxma6V3E+pqK1tSl2Fo1kl41pK1yeCyDsgkF9WlVAme4j5ISYM2zR11bgLFJGLN5sVK40T4RJNuiZbEjA==",
      "dev": true,
      "dependencies": {
        "undici-types": "~5.26.4"
      }
    },
    "node_modules/@types/prop-types": {
      "dev": true
    },
    "node_modules/@types/react": {
      "version": "18.2.60",
      "resolved": "https://registry.npmjs.org/@types/react/-/react-18.2.60.tgz",
      "integrity": "sha512-dfiPj9+k20jJrLGOu9Nf6eqxm2EyJRrq2NvwOFsfbb7sFExZ9WELPs67UImHj3Ayxg8ruTtKtNnbjaF8olPq0A==",
      "dev": true,
      "dependencies": {
        "@types/prop-types": "*",
        "@types/scheduler": "*",
        "csstype": "^3.0.2"
      }
    },
    "node_modules/@types/scheduler": {
      "dev": true
    },
    "node_modules/csstype": {
      "version": "3.1.3",
      "resolved": "https://registry.npmjs.org/csstype/-/csstype-3.1.3.tgz",
      "integrity": "sha512-M1uQkMl8rQK/szD0LNhtqxIPLpimGm8sOBwU7lLnCpSbTyY3yeU1Vc7l4KT5zT4s/yOxHH5O7tIuuLOCnLADRw==",
      "dev": true
    },
    "node_modules/undici-types": {
      "version": "5.26.5",
      "dev": true,
      "license": "MIT"
    }
  }
}
